
Microsoft Visual Studio Solution File, Format Version 12.00
# Visual Studio 15
VisualStudioVersion = 15.0.26124.0
MinimumVisualStudioVersion = 15.0.26124.0
Project("{FAE04EC0-301F-11D3-BF4B-00C04F79EFBC}") = "Persistence", "Persistence\Persistence.csproj", "{FF0C4B17-F88E-4389-B6EF-634EB0266DB3}"
EndProject
Project("{FAE04EC0-301F-11D3-BF4B-00C04F79EFBC}") = "Domain", "Domain\Domain.csproj", "{61E88FCE-F0DA-4BCE-9B29-6FB4107A63D2}"
EndProject
Project("{FAE04EC0-301F-11D3-BF4B-00C04F79EFBC}") = "API", "API\API.csproj", "{B10FB9ED-E390-4BD3-B53A-2B9A62D6A6E3}"
EndProject
Project("{FAE04EC0-301F-11D3-BF4B-00C04F79EFBC}") = "Application", "Application\Application.csproj", "{80F20437-A621-4977-93FD-F559C7E72B50}"
EndProject
Global
	GlobalSection(SolutionConfigurationPlatforms) = preSolution
		Debug|Any CPU = Debug|Any CPU
		Debug|x64 = Debug|x64
		Debug|x86 = Debug|x86
		Release|Any CPU = Release|Any CPU
		Release|x64 = Release|x64
		Release|x86 = Release|x86
	EndGlobalSection
	GlobalSection(SolutionProperties) = preSolution
		HideSolutionNode = FALSE
	EndGlobalSection
	GlobalSection(ProjectConfigurationPlatforms) = postSolution
		{FF0C4B17-F88E-4389-B6EF-634EB0266DB3}.Debug|Any CPU.ActiveCfg = Debug|Any CPU
		{FF0C4B17-F88E-4389-B6EF-634EB0266DB3}.Debug|Any CPU.Build.0 = Debug|Any CPU
		{FF0C4B17-F88E-4389-B6EF-634EB0266DB3}.Debug|x64.ActiveCfg = Debug|Any CPU
		{FF0C4B17-F88E-4389-B6EF-634EB0266DB3}.Debug|x64.Build.0 = Debug|Any CPU
		{FF0C4B17-F88E-4389-B6EF-634EB0266DB3}.Debug|x86.ActiveCfg = Debug|Any CPU
		{FF0C4B17-F88E-4389-B6EF-634EB0266DB3}.Debug|x86.Build.0 = Debug|Any CPU
		{FF0C4B17-F88E-4389-B6EF-634EB0266DB3}.Release|Any CPU.ActiveCfg = Release|Any CPU
		{FF0C4B17-F88E-4389-B6EF-634EB0266DB3}.Release|Any CPU.Build.0 = Release|Any CPU
		{FF0C4B17-F88E-4389-B6EF-634EB0266DB3}.Release|x64.ActiveCfg = Release|Any CPU
		{FF0C4B17-F88E-4389-B6EF-634EB0266DB3}.Release|x64.Build.0 = Release|Any CPU
		{FF0C4B17-F88E-4389-B6EF-634EB0266DB3}.Release|x86.ActiveCfg = Release|Any CPU
		{FF0C4B17-F88E-4389-B6EF-634EB0266DB3}.Release|x86.Build.0 = Release|Any CPU
		{61E88FCE-F0DA-4BCE-9B29-6FB4107A63D2}.Debug|Any CPU.ActiveCfg = Debug|Any CPU
		{61E88FCE-F0DA-4BCE-9B29-6FB4107A63D2}.Debug|Any CPU.Build.0 = Debug|Any CPU
		{61E88FCE-F0DA-4BCE-9B29-6FB4107A63D2}.Debug|x64.ActiveCfg = Debug|Any CPU
		{61E88FCE-F0DA-4BCE-9B29-6FB4107A63D2}.Debug|x64.Build.0 = Debug|Any CPU
		{61E88FCE-F0DA-4BCE-9B29-6FB4107A63D2}.Debug|x86.ActiveCfg = Debug|Any CPU
		{61E88FCE-F0DA-4BCE-9B29-6FB4107A63D2}.Debug|x86.Build.0 = Debug|Any CPU
		{61E88FCE-F0DA-4BCE-9B29-6FB4107A63D2}.Release|Any CPU.ActiveCfg = Release|Any CPU
		{61E88FCE-F0DA-4BCE-9B29-6FB4107A63D2}.Release|Any CPU.Build.0 = Release|Any CPU
		{61E88FCE-F0DA-4BCE-9B29-6FB4107A63D2}.Release|x64.ActiveCfg = Release|Any CPU
		{61E88FCE-F0DA-4BCE-9B29-6FB4107A63D2}.Release|x64.Build.0 = Release|Any CPU
		{61E88FCE-F0DA-4BCE-9B29-6FB4107A63D2}.Release|x86.ActiveCfg = Release|Any CPU
		{61E88FCE-F0DA-4BCE-9B29-6FB4107A63D2}.Release|x86.Build.0 = Release|Any CPU
		{B10FB9ED-E390-4BD3-B53A-2B9A62D6A6E3}.Debug|Any CPU.ActiveCfg = Debug|Any CPU
		{B10FB9ED-E390-4BD3-B53A-2B9A62D6A6E3}.Debug|Any CPU.Build.0 = Debug|Any CPU
		{B10FB9ED-E390-4BD3-B53A-2B9A62D6A6E3}.Debug|x64.ActiveCfg = Debug|Any CPU
		{B10FB9ED-E390-4BD3-B53A-2B9A62D6A6E3}.Debug|x64.Build.0 = Debug|Any CPU
		{B10FB9ED-E390-4BD3-B53A-2B9A62D6A6E3}.Debug|x86.ActiveCfg = Debug|Any CPU
		{B10FB9ED-E390-4BD3-B53A-2B9A62D6A6E3}.Debug|x86.Build.0 = Debug|Any CPU
		{B10FB9ED-E390-4BD3-B53A-2B9A62D6A6E3}.Release|Any CPU.ActiveCfg = Release|Any CPU
		{B10FB9ED-E390-4BD3-B53A-2B9A62D6A6E3}.Release|Any CPU.Build.0 = Release|Any CPU
		{B10FB9ED-E390-4BD3-B53A-2B9A62D6A6E3}.Release|x64.ActiveCfg = Release|Any CPU
		{B10FB9ED-E390-4BD3-B53A-2B9A62D6A6E3}.Release|x64.Build.0 = Release|Any CPU
		{B10FB9ED-E390-4BD3-B53A-2B9A62D6A6E3}.Release|x86.ActiveCfg = Release|Any CPU
		{B10FB9ED-E390-4BD3-B53A-2B9A62D6A6E3}.Release|x86.Build.0 = Release|Any CPU
		{80F20437-A621-4977-93FD-F559C7E72B50}.Debug|Any CPU.ActiveCfg = Debug|Any CPU
		{80F20437-A621-4977-93FD-F559C7E72B50}.Debug|Any CPU.Build.0 = Debug|Any CPU
		{80F20437-A621-4977-93FD-F559C7E72B50}.Debug|x64.ActiveCfg = Debug|Any CPU
		{80F20437-A621-4977-93FD-F559C7E72B50}.Debug|x64.Build.0 = Debug|Any CPU
		{80F20437-A621-4977-93FD-F559C7E72B50}.Debug|x86.ActiveCfg = Debug|Any CPU
		{80F20437-A621-4977-93FD-F559C7E72B50}.Debug|x86.Build.0 = Debug|Any CPU
		{80F20437-A621-4977-93FD-F559C7E72B50}.Release|Any CPU.ActiveCfg = Release|Any CPU
		{80F20437-A621-4977-93FD-F559C7E72B50}.Release|Any CPU.Build.0 = Release|Any CPU
		{80F20437-A621-4977-93FD-F559C7E72B50}.Release|x64.ActiveCfg = Release|Any CPU
		{80F20437-A621-4977-93FD-F559C7E72B50}.Release|x64.Build.0 = Release|Any CPU
		{80F20437-A621-4977-93FD-F559C7E72B50}.Release|x86.ActiveCfg = Release|Any CPU
		{80F20437-A621-4977-93FD-F559C7E72B50}.Release|x86.Build.0 = Release|Any CPU
	EndGlobalSection
EndGlobal
